
Microsoft Visual Studio Solution File, Format Version 12.00
# Visual Studio 15
VisualStudioVersion = 15.0.28307.136
MinimumVisualStudioVersion = 10.0.40219.1
Project("{FAE04EC0-301F-11D3-BF4B-00C04F79EFBC}") = "WinIP", "WinIP.csproj", "{63288126-1089-4ADC-8F7C-1E71AA699172}"
EndProject
Global
	GlobalSection(SolutionConfigurationPlatforms) = preSolution
		Debug|Any CPU = Debug|Any CPU
		Release|Any CPU = Release|Any CPU
	EndGlobalSection
	GlobalSection(ProjectConfigurationPlatforms) = postSolution
		{63288126-1089-4ADC-8F7C-1E71AA699172}.Debug|Any CPU.ActiveCfg = Debug|Any CPU
		{63288126-1089-4ADC-8F7C-1E71AA699172}.Debug|Any CPU.Build.0 = Debug|Any CPU
		{63288126-1089-4ADC-8F7C-1E71AA699172}.Release|Any CPU.ActiveCfg = Release|Any CPU
		{63288126-1089-4ADC-8F7C-1E71AA699172}.Release|Any CPU.Build.0 = Release|Any CPU
	EndGlobalSection
	GlobalSection(SolutionProperties) = preSolution
		HideSolutionNode = FALSE
	EndGlobalSection
	GlobalSection(ExtensibilityGlobals) = postSolution
		SolutionGuid = {B51B307F-7589-4DA3-937A-E4F1A30D5601}
	EndGlobalSection
EndGlobal
